
Microsoft Visual Studio Solution File, Format Version 12.00
# Visual Studio Version 16
VisualStudioVersion = 16.0.31321.278
MinimumVisualStudioVersion = 10.0.40219.1
Project("{FAE04EC0-301F-11D3-BF4B-00C04F79EFBC}") = "MatrixGRIDassignment", "MatrixGRIDassignment.csproj", "{88357B90-987A-4DA9-988F-A9B39850F09D}"
EndProject
Global
	GlobalSection(SolutionConfigurationPlatforms) = preSolution
		Debug|Any CPU = Debug|Any CPU
		Release|Any CPU = Release|Any CPU
	EndGlobalSection
	GlobalSection(ProjectConfigurationPlatforms) = postSolution
		{88357B90-987A-4DA9-988F-A9B39850F09D}.Debug|Any CPU.ActiveCfg = Debug|Any CPU
		{88357B90-987A-4DA9-988F-A9B39850F09D}.Debug|Any CPU.Build.0 = Debug|Any CPU
		{88357B90-987A-4DA9-988F-A9B39850F09D}.Release|Any CPU.ActiveCfg = Release|Any CPU
		{88357B90-987A-4DA9-988F-A9B39850F09D}.Release|Any CPU.Build.0 = Release|Any CPU
	EndGlobalSection
	GlobalSection(SolutionProperties) = preSolution
		HideSolutionNode = FALSE
	EndGlobalSection
	GlobalSection(ExtensibilityGlobals) = postSolution
		SolutionGuid = {46E5A5A0-DE21-45A0-82C5-5E7F0D2904EB}
	EndGlobalSection
EndGlobal
